
Microsoft Visual Studio Solution File, Format Version 12.00
# Visual Studio 2012
Project("{FAE04EC0-301F-11D3-BF4B-00C04F79EFBC}") = "TOMEI_ORI_CODE", "TOMEI_ORI_CODE\TOMEI_ORI_CODE.csproj", "{C73FE8AD-A9CE-4ACD-A73D-BA049B6F9715}"
EndProject
Global
	GlobalSection(SolutionConfigurationPlatforms) = preSolution
		Debug|Any CPU = Debug|Any CPU
		Release|Any CPU = Release|Any CPU
	EndGlobalSection
	GlobalSection(ProjectConfigurationPlatforms) = postSolution
		{C73FE8AD-A9CE-4ACD-A73D-BA049B6F9715}.Debug|Any CPU.ActiveCfg = Debug|Any CPU
		{C73FE8AD-A9CE-4ACD-A73D-BA049B6F9715}.Debug|Any CPU.Build.0 = Debug|Any CPU
		{C73FE8AD-A9CE-4ACD-A73D-BA049B6F9715}.Release|Any CPU.ActiveCfg = Release|Any CPU
		{C73FE8AD-A9CE-4ACD-A73D-BA049B6F9715}.Release|Any CPU.Build.0 = Release|Any CPU
	EndGlobalSection
	GlobalSection(SolutionProperties) = preSolution
		HideSolutionNode = FALSE
	EndGlobalSection
EndGlobal
